
Microsoft Visual Studio Solution File, Format Version 12.00
# Visual Studio Version 16
VisualStudioVersion = 16.0.29306.81
MinimumVisualStudioVersion = 10.0.40219.1
Project("{FAE04EC0-301F-11D3-BF4B-00C04F79EFBC}") = "MyAuthen.Android", "MyAuthen\MyAuthen.Android\MyAuthen.Android.csproj", "{DD30A2FB-19CE-4009-8089-E5B68EC9CA04}"
EndProject
Project("{FAE04EC0-301F-11D3-BF4B-00C04F79EFBC}") = "MyAuthen.iOS", "MyAuthen\MyAuthen.iOS\MyAuthen.iOS.csproj", "{00C677D9-9326-4D04-A383-D4C965B7F1F6}"
EndProject
Project("{FAE04EC0-301F-11D3-BF4B-00C04F79EFBC}") = "MyAuthen", "MyAuthen\MyAuthen\MyAuthen.csproj", "{510D9240-6479-40F2-A644-4618F67398E9}"
EndProject
Global
	GlobalSection(SolutionConfigurationPlatforms) = preSolution
		Debug|Any CPU = Debug|Any CPU
		Debug|iPhone = Debug|iPhone
		Debug|iPhoneSimulator = Debug|iPhoneSimulator
		Release|Any CPU = Release|Any CPU
		Release|iPhone = Release|iPhone
		Release|iPhoneSimulator = Release|iPhoneSimulator
	EndGlobalSection
	GlobalSection(ProjectConfigurationPlatforms) = postSolution
		{DD30A2FB-19CE-4009-8089-E5B68EC9CA04}.Debug|Any CPU.ActiveCfg = Debug|Any CPU
		{DD30A2FB-19CE-4009-8089-E5B68EC9CA04}.Debug|Any CPU.Build.0 = Debug|Any CPU
		{DD30A2FB-19CE-4009-8089-E5B68EC9CA04}.Debug|Any CPU.Deploy.0 = Debug|Any CPU
		{DD30A2FB-19CE-4009-8089-E5B68EC9CA04}.Debug|iPhone.ActiveCfg = Debug|Any CPU
		{DD30A2FB-19CE-4009-8089-E5B68EC9CA04}.Debug|iPhone.Build.0 = Debug|Any CPU
		{DD30A2FB-19CE-4009-8089-E5B68EC9CA04}.Debug|iPhone.Deploy.0 = Debug|Any CPU
		{DD30A2FB-19CE-4009-8089-E5B68EC9CA04}.Debug|iPhoneSimulator.ActiveCfg = Debug|Any CPU
		{DD30A2FB-19CE-4009-8089-E5B68EC9CA04}.Debug|iPhoneSimulator.Build.0 = Debug|Any CPU
		{DD30A2FB-19CE-4009-8089-E5B68EC9CA04}.Debug|iPhoneSimulator.Deploy.0 = Debug|Any CPU
		{DD30A2FB-19CE-4009-8089-E5B68EC9CA04}.Release|Any CPU.ActiveCfg = Release|Any CPU
		{DD30A2FB-19CE-4009-8089-E5B68EC9CA04}.Release|Any CPU.Build.0 = Release|Any CPU
		{DD30A2FB-19CE-4009-8089-E5B68EC9CA04}.Release|Any CPU.Deploy.0 = Release|Any CPU
		{DD30A2FB-19CE-4009-8089-E5B68EC9CA04}.Release|iPhone.ActiveCfg = Release|Any CPU
		{DD30A2FB-19CE-4009-8089-E5B68EC9CA04}.Release|iPhone.Build.0 = Release|Any CPU
		{DD30A2FB-19CE-4009-8089-E5B68EC9CA04}.Release|iPhone.Deploy.0 = Release|Any CPU
		{DD30A2FB-19CE-4009-8089-E5B68EC9CA04}.Release|iPhoneSimulator.ActiveCfg = Release|Any CPU
		{DD30A2FB-19CE-4009-8089-E5B68EC9CA04}.Release|iPhoneSimulator.Build.0 = Release|Any CPU
		{DD30A2FB-19CE-4009-8089-E5B68EC9CA04}.Release|iPhoneSimulator.Deploy.0 = Release|Any CPU
		{00C677D9-9326-4D04-A383-D4C965B7F1F6}.Debug|Any CPU.ActiveCfg = Debug|iPhoneSimulator
		{00C677D9-9326-4D04-A383-D4C965B7F1F6}.Debug|Any CPU.Build.0 = Debug|iPhoneSimulator
		{00C677D9-9326-4D04-A383-D4C965B7F1F6}.Debug|Any CPU.Deploy.0 = Debug|iPhoneSimulator
		{00C677D9-9326-4D04-A383-D4C965B7F1F6}.Debug|iPhone.ActiveCfg = Debug|iPhone
		{00C677D9-9326-4D04-A383-D4C965B7F1F6}.Debug|iPhone.Build.0 = Debug|iPhone
		{00C677D9-9326-4D04-A383-D4C965B7F1F6}.Debug|iPhone.Deploy.0 = Debug|iPhone
		{00C677D9-9326-4D04-A383-D4C965B7F1F6}.Debug|iPhoneSimulator.ActiveCfg = Debug|iPhoneSimulator
		{00C677D9-9326-4D04-A383-D4C965B7F1F6}.Debug|iPhoneSimulator.Build.0 = Debug|iPhoneSimulator
		{00C677D9-9326-4D04-A383-D4C965B7F1F6}.Debug|iPhoneSimulator.Deploy.0 = Debug|iPhoneSimulator
		{00C677D9-9326-4D04-A383-D4C965B7F1F6}.Release|Any CPU.ActiveCfg = Release|iPhone
		{00C677D9-9326-4D04-A383-D4C965B7F1F6}.Release|Any CPU.Build.0 = Release|iPhone
		{00C677D9-9326-4D04-A383-D4C965B7F1F6}.Release|Any CPU.Deploy.0 = Release|iPhone
		{00C677D9-9326-4D04-A383-D4C965B7F1F6}.Release|iPhone.ActiveCfg = Release|iPhone
		{00C677D9-9326-4D04-A383-D4C965B7F1F6}.Release|iPhone.Build.0 = Release|iPhone
		{00C677D9-9326-4D04-A383-D4C965B7F1F6}.Release|iPhone.Deploy.0 = Release|iPhone
		{00C677D9-9326-4D04-A383-D4C965B7F1F6}.Release|iPhoneSimulator.ActiveCfg = Release|iPhoneSimulator
		{00C677D9-9326-4D04-A383-D4C965B7F1F6}.Release|iPhoneSimulator.Build.0 = Release|iPhoneSimulator
		{00C677D9-9326-4D04-A383-D4C965B7F1F6}.Release|iPhoneSimulator.Deploy.0 = Release|iPhoneSimulator
		{510D9240-6479-40F2-A644-4618F67398E9}.Debug|Any CPU.ActiveCfg = Debug|Any CPU
		{510D9240-6479-40F2-A644-4618F67398E9}.Debug|Any CPU.Build.0 = Debug|Any CPU
		{510D9240-6479-40F2-A644-4618F67398E9}.Debug|Any CPU.Deploy.0 = Debug|Any CPU
		{510D9240-6479-40F2-A644-4618F67398E9}.Debug|iPhone.ActiveCfg = Debug|Any CPU
		{510D9240-6479-40F2-A644-4618F67398E9}.Debug|iPhone.Build.0 = Debug|Any CPU
		{510D9240-6479-40F2-A644-4618F67398E9}.Debug|iPhone.Deploy.0 = Debug|Any CPU
		{510D9240-6479-40F2-A644-4618F67398E9}.Debug|iPhoneSimulator.ActiveCfg = Debug|Any CPU
		{510D9240-6479-40F2-A644-4618F67398E9}.Debug|iPhoneSimulator.Build.0 = Debug|Any CPU
		{510D9240-6479-40F2-A644-4618F67398E9}.Debug|iPhoneSimulator.Deploy.0 = Debug|Any CPU
		{510D9240-6479-40F2-A644-4618F67398E9}.Release|Any CPU.ActiveCfg = Release|Any CPU
		{510D9240-6479-40F2-A644-4618F67398E9}.Release|Any CPU.Build.0 = Release|Any CPU
		{510D9240-6479-40F2-A644-4618F67398E9}.Release|Any CPU.Deploy.0 = Release|Any CPU
		{510D9240-6479-40F2-A644-4618F67398E9}.Release|iPhone.ActiveCfg = Release|Any CPU
		{510D9240-6479-40F2-A644-4618F67398E9}.Release|iPhone.Build.0 = Release|Any CPU
		{510D9240-6479-40F2-A644-4618F67398E9}.Release|iPhone.Deploy.0 = Release|Any CPU
		{510D9240-6479-40F2-A644-4618F67398E9}.Release|iPhoneSimulator.ActiveCfg = Release|Any CPU
		{510D9240-6479-40F2-A644-4618F67398E9}.Release|iPhoneSimulator.Build.0 = Release|Any CPU
		{510D9240-6479-40F2-A644-4618F67398E9}.Release|iPhoneSimulator.Deploy.0 = Release|Any CPU
	EndGlobalSection
	GlobalSection(SolutionProperties) = preSolution
		HideSolutionNode = FALSE
	EndGlobalSection
	GlobalSection(ExtensibilityGlobals) = postSolution
		SolutionGuid = {189FCA2D-1959-49B0-94F4-3CB397F83EE3}
	EndGlobalSection
EndGlobal
